
Microsoft Visual Studio Solution File, Format Version 12.00
# Visual Studio 15
VisualStudioVersion = 15.0.27130.2036
MinimumVisualStudioVersion = 10.0.40219.1
Project("{FAE04EC0-301F-11D3-BF4B-00C04F79EFBC}") = "Encryption", "Encryption\Encryption.csproj", "{347313D0-19EE-49ED-BB87-3160CB5A0D5B}"
EndProject
Global
	GlobalSection(SolutionConfigurationPlatforms) = preSolution
		Debug|Any CPU = Debug|Any CPU
		Release|Any CPU = Release|Any CPU
	EndGlobalSection
	GlobalSection(ProjectConfigurationPlatforms) = postSolution
		{347313D0-19EE-49ED-BB87-3160CB5A0D5B}.Debug|Any CPU.ActiveCfg = Debug|Any CPU
		{347313D0-19EE-49ED-BB87-3160CB5A0D5B}.Debug|Any CPU.Build.0 = Debug|Any CPU
		{347313D0-19EE-49ED-BB87-3160CB5A0D5B}.Release|Any CPU.ActiveCfg = Release|Any CPU
		{347313D0-19EE-49ED-BB87-3160CB5A0D5B}.Release|Any CPU.Build.0 = Release|Any CPU
	EndGlobalSection
	GlobalSection(SolutionProperties) = preSolution
		HideSolutionNode = FALSE
	EndGlobalSection
	GlobalSection(ExtensibilityGlobals) = postSolution
		SolutionGuid = {ACF415F2-DA7F-4910-94C0-DF5FB83B8CAE}
	EndGlobalSection
EndGlobal
